
Microsoft Visual Studio Solution File, Format Version 12.00
# Visual Studio Version 16
VisualStudioVersion = 16.0.31515.178
MinimumVisualStudioVersion = 10.0.40219.1
Project("{9A19103F-16F7-4668-BE54-9A1E7A4F7556}") = "FittimePanelApi", "fittimepanel_api\FittimePanelApi.csproj", "{BA8EB963-38B7-44A9-A598-7E647C470ACE}"
EndProject
Global
	GlobalSection(SolutionConfigurationPlatforms) = preSolution
		Debug|Any CPU = Debug|Any CPU
		Release|Any CPU = Release|Any CPU
	EndGlobalSection
	GlobalSection(ProjectConfigurationPlatforms) = postSolution
		{BA8EB963-38B7-44A9-A598-7E647C470ACE}.Debug|Any CPU.ActiveCfg = Debug|Any CPU
		{BA8EB963-38B7-44A9-A598-7E647C470ACE}.Debug|Any CPU.Build.0 = Debug|Any CPU
		{BA8EB963-38B7-44A9-A598-7E647C470ACE}.Release|Any CPU.ActiveCfg = Release|Any CPU
		{BA8EB963-38B7-44A9-A598-7E647C470ACE}.Release|Any CPU.Build.0 = Release|Any CPU
	EndGlobalSection
	GlobalSection(SolutionProperties) = preSolution
		HideSolutionNode = FALSE
	EndGlobalSection
	GlobalSection(ExtensibilityGlobals) = postSolution
		SolutionGuid = {74B7CB88-3FFB-4491-A7C5-B9A432296856}
	EndGlobalSection
EndGlobal
